schema: '2.0'
stages:
  preprocess_data:
    cmd: python src/data/preprocess.py
    deps:
    - path: data/raw/Steel_industry_data.csv
      hash: md5
      md5: 393295e8ec2bac97c1345b8ddc25bd1f
      size: 2731386
    - path: src/data/preprocess.py
      hash: md5
      md5: 758e3458826697864cd7e59b7179e11b
      size: 4570
    outs:
    - path: data/processed/processed_dataset_X.csv
      hash: md5
      md5: 1ba0ed4b3f8f136278ef4c6a31ebaf27
      size: 6461870
    - path: data/processed/processed_dataset_y.csv
      hash: md5
      md5: 8e1035d6c31981ae10d4fb64c9947ac4
      size: 70090
  train_model:
    cmd: python src/models/train.py
    deps:
    - path: data/processed/processed_dataset_X.csv
      hash: md5
      md5: 1ba0ed4b3f8f136278ef4c6a31ebaf27
      size: 6461870
    - path: data/processed/processed_dataset_y.csv
      hash: md5
      md5: 8e1035d6c31981ae10d4fb64c9947ac4
      size: 70090
    - path: params.yaml
      hash: md5
      md5: 3710324cf1e2ea0d9e1546b3def5a375
      size: 554
    - path: src/models/train.py
      hash: md5
      md5: 68456e94f62dfff4661e8115945625c3
      size: 5866
    outs:
    - path: saved_models/ml_models/
      hash: md5
      md5: d0e923f7da562f3a7ac0a27bf0c35f46.dir
      size: 39823542
      nfiles: 3
  evaluate_model:
    cmd: python src/evaluation/evaluate.py
    deps:
    - path: data/processed/processed_dataset_X.csv
      hash: md5
      md5: b352c7d407a2047866c61ad48a323e9f
      size: 6458583
    - path: data/processed/processed_dataset_y.csv
      hash: md5
      md5: 8e1035d6c31981ae10d4fb64c9947ac4
      size: 70090
    - path: models/steel_industry_model.keras
      hash: md5
      md5: bfcb9fe29995828b23485c3fde3c14b9
      size: 69215
    - path: src/evaluation/evaluate.py
      hash: md5
      md5: fbda352047fca293d1d8d19325acb414
      size: 2256
    outs:
    - path: reports/evaluation.txt
      hash: md5
      md5: 4061764516e585320dee77430968f614
      size: 36
  run_tests:
    cmd: python -m src.test.test_data_preprocessor
    deps:
    - path: data/raw/Steel_industry_data.csv
      hash: md5
      md5: 393295e8ec2bac97c1345b8ddc25bd1f
      size: 2731386
    - path: src/data/preprocess.py
      hash: md5
      md5: a6c1ac9fca9a9cc61b1a57c3c3d9cb69
      size: 2620
    - path: src/test/test_data_preprocessor.py
      hash: md5
      md5: 62a69d1d8aec4ff406f887abada39c34
      size: 3372
  run_test_data:
    cmd: python -m src.test.test_data_preprocessor
    deps:
    - path: data/raw/Steel_industry_data.csv
      hash: md5
      md5: 393295e8ec2bac97c1345b8ddc25bd1f
      size: 2731386
    - path: src/data/preprocess.py
      hash: md5
      md5: 758e3458826697864cd7e59b7179e11b
      size: 4570
    - path: src/test/test_data_preprocessor.py
      hash: md5
      md5: 62a69d1d8aec4ff406f887abada39c34
      size: 3372
  run_test_model:
    cmd: python -m src.test.test_model_train
    deps:
    - path: data/processed/processed_dataset_X.csv
      hash: md5
      md5: 1ba0ed4b3f8f136278ef4c6a31ebaf27
      size: 6461870
    - path: data/processed/processed_dataset_y.csv
      hash: md5
      md5: 8e1035d6c31981ae10d4fb64c9947ac4
      size: 70090
    - path: params.yaml
      hash: md5
      md5: 3710324cf1e2ea0d9e1546b3def5a375
      size: 554
    - path: src/models/train.py
      hash: md5
      md5: 68456e94f62dfff4661e8115945625c3
      size: 5866
    - path: src/test/test_model_train.py
      hash: md5
      md5: e76f50d994fade4b373b1e23ba9475da
      size: 2221
